
Microsoft Visual Studio Solution File, Format Version 12.00
# Visual Studio Version 16
VisualStudioVersion = 16.0.30517.126
MinimumVisualStudioVersion = 10.0.40219.1
Project("{9A19103F-16F7-4668-BE54-9A1E7A4F7556}") = "BookStoreAPI", "BookStoreAPI.csproj", "{B4666F68-091C-4690-B5C4-33F193CC3EC6}"
EndProject
Project("{FAE04EC0-301F-11D3-BF4B-00C04F79EFBC}") = "BookStore_UI", "..\BookStore_UI\BookStore_UI.csproj", "{D08640CB-131A-47B4-B11A-B8463965E8B1}"
EndProject
Global
	GlobalSection(SolutionConfigurationPlatforms) = preSolution
		Debug|Any CPU = Debug|Any CPU
		Release|Any CPU = Release|Any CPU
	EndGlobalSection
	GlobalSection(ProjectConfigurationPlatforms) = postSolution
		{B4666F68-091C-4690-B5C4-33F193CC3EC6}.Debug|Any CPU.ActiveCfg = Debug|Any CPU
		{B4666F68-091C-4690-B5C4-33F193CC3EC6}.Debug|Any CPU.Build.0 = Debug|Any CPU
		{B4666F68-091C-4690-B5C4-33F193CC3EC6}.Release|Any CPU.ActiveCfg = Release|Any CPU
		{B4666F68-091C-4690-B5C4-33F193CC3EC6}.Release|Any CPU.Build.0 = Release|Any CPU
		{D08640CB-131A-47B4-B11A-B8463965E8B1}.Debug|Any CPU.ActiveCfg = Debug|Any CPU
		{D08640CB-131A-47B4-B11A-B8463965E8B1}.Debug|Any CPU.Build.0 = Debug|Any CPU
		{D08640CB-131A-47B4-B11A-B8463965E8B1}.Release|Any CPU.ActiveCfg = Release|Any CPU
		{D08640CB-131A-47B4-B11A-B8463965E8B1}.Release|Any CPU.Build.0 = Release|Any CPU
	EndGlobalSection
	GlobalSection(SolutionProperties) = preSolution
		HideSolutionNode = FALSE
	EndGlobalSection
	GlobalSection(ExtensibilityGlobals) = postSolution
		SolutionGuid = {4C6E3CFF-6A83-4FF2-984C-A01448059C58}
	EndGlobalSection
EndGlobal
